
Microsoft Visual Studio Solution File, Format Version 10.00
# Visual Studio 2008
Project("{FAE04EC0-301F-11D3-BF4B-00C04F79EFBC}") = "WcfServices", "WcfServices.csproj", "{2180742D-2669-482C-9035-C2193F7047BF}"
EndProject
Project("{FAE04EC0-301F-11D3-BF4B-00C04F79EFBC}") = "WcfClientDemo", "WcfClientDemo\WcfClientDemo.csproj", "{41D4D01A-300C-49A4-A06D-47716436DE39}"
	ProjectSection(ProjectDependencies) = postProject
		{2180742D-2669-482C-9035-C2193F7047BF} = {2180742D-2669-482C-9035-C2193F7047BF}
	EndProjectSection
EndProject
Global
	GlobalSection(SolutionConfigurationPlatforms) = preSolution
		Debug|Any CPU = Debug|Any CPU
		Release|Any CPU = Release|Any CPU
	EndGlobalSection
	GlobalSection(ProjectConfigurationPlatforms) = postSolution
		{2180742D-2669-482C-9035-C2193F7047BF}.Debug|Any CPU.ActiveCfg = Debug|Any CPU
		{2180742D-2669-482C-9035-C2193F7047BF}.Debug|Any CPU.Build.0 = Debug|Any CPU
		{2180742D-2669-482C-9035-C2193F7047BF}.Release|Any CPU.ActiveCfg = Release|Any CPU
		{2180742D-2669-482C-9035-C2193F7047BF}.Release|Any CPU.Build.0 = Release|Any CPU
		{41D4D01A-300C-49A4-A06D-47716436DE39}.Debug|Any CPU.ActiveCfg = Debug|Any CPU
		{41D4D01A-300C-49A4-A06D-47716436DE39}.Debug|Any CPU.Build.0 = Debug|Any CPU
		{41D4D01A-300C-49A4-A06D-47716436DE39}.Release|Any CPU.ActiveCfg = Release|Any CPU
		{41D4D01A-300C-49A4-A06D-47716436DE39}.Release|Any CPU.Build.0 = Release|Any CPU
	EndGlobalSection
	GlobalSection(SolutionProperties) = preSolution
		HideSolutionNode = FALSE
	EndGlobalSection
EndGlobal
